
Microsoft Visual Studio Solution File, Format Version 12.00
# Visual Studio Version 16
VisualStudioVersion = 16.0.31129.286
MinimumVisualStudioVersion = 10.0.40219.1
Project("{9A19103F-16F7-4668-BE54-9A1E7A4F7556}") = "BidTrainer", "BidTrainer\BidTrainer.csproj", "{FB511C60-DD81-4D6F-8929-42070ED8CF6C}"
	ProjectSection(ProjectDependencies) = postProject
		{66942AF0-3C9A-4CB5-9284-6540D37BABD8} = {66942AF0-3C9A-4CB5-9284-6540D37BABD8}
	EndProjectSection
EndProject
Project("{9A19103F-16F7-4668-BE54-9A1E7A4F7556}") = "Common", "Common\Common.csproj", "{E5A8B95B-E96D-4E14-AD91-328FC71CF8EF}"
EndProject
Project("{8BC9CEB8-8B4A-11D0-8D11-00A0C91BC942}") = "Engine", "Engine\Engine.vcxproj", "{66942AF0-3C9A-4CB5-9284-6540D37BABD8}"
EndProject
Project("{9A19103F-16F7-4668-BE54-9A1E7A4F7556}") = "BidTrainerTests", "BidTrainerTests\BidTrainerTests.csproj", "{F29939AD-08E0-48B9-A421-19DF3B6BE698}"
EndProject
Project("{9A19103F-16F7-4668-BE54-9A1E7A4F7556}") = "Wpf.BidTrainer", "Wpf.BidTrainer\Wpf.BidTrainer.csproj", "{3BAD68AF-01B3-4050-A7D4-4277CCC17D6A}"
	ProjectSection(ProjectDependencies) = postProject
		{66942AF0-3C9A-4CB5-9284-6540D37BABD8} = {66942AF0-3C9A-4CB5-9284-6540D37BABD8}
	EndProjectSection
EndProject
Project("{9A19103F-16F7-4668-BE54-9A1E7A4F7556}") = "EngineWrapper", "EngineWrapper\EngineWrapper.csproj", "{BC99C89F-D923-49C5-9826-5CD0D34A3665}"
EndProject
Project("{9A19103F-16F7-4668-BE54-9A1E7A4F7556}") = "Wpf.BidControls", "Wpf.BidControls\Wpf.BidControls.csproj", "{6BB9473F-57F5-4950-B787-4D448661BFC5}"
EndProject
Project("{2150E333-8FDC-42A3-9474-1A3956D46DE8}") = "Solution Items", "Solution Items", "{95ACA955-A2A6-49FD-B0BF-FA770E917720}"
	ProjectSection(SolutionItems) = preProject
		.editorconfig = .editorconfig
	EndProjectSection
EndProject
Project("{8BC9CEB8-8B4A-11D0-8D11-00A0C91BC942}") = "EngineTests", "EngineTests\EngineTests.vcxproj", "{6C647D53-3232-4475-8622-D57F26B48879}"
EndProject
Global
	GlobalSection(SolutionConfigurationPlatforms) = preSolution
		Debug|Any CPU = Debug|Any CPU
		Debug|x64 = Debug|x64
		Debug|x86 = Debug|x86
		Release|Any CPU = Release|Any CPU
		Release|x64 = Release|x64
		Release|x86 = Release|x86
	EndGlobalSection
	GlobalSection(ProjectConfigurationPlatforms) = postSolution
		{FB511C60-DD81-4D6F-8929-42070ED8CF6C}.Debug|Any CPU.ActiveCfg = Debug|Any CPU
		{FB511C60-DD81-4D6F-8929-42070ED8CF6C}.Debug|Any CPU.Build.0 = Debug|Any CPU
		{FB511C60-DD81-4D6F-8929-42070ED8CF6C}.Debug|x64.ActiveCfg = Debug|Any CPU
		{FB511C60-DD81-4D6F-8929-42070ED8CF6C}.Debug|x64.Build.0 = Debug|Any CPU
		{FB511C60-DD81-4D6F-8929-42070ED8CF6C}.Debug|x86.ActiveCfg = Debug|Any CPU
		{FB511C60-DD81-4D6F-8929-42070ED8CF6C}.Debug|x86.Build.0 = Debug|Any CPU
		{FB511C60-DD81-4D6F-8929-42070ED8CF6C}.Release|Any CPU.ActiveCfg = Release|Any CPU
		{FB511C60-DD81-4D6F-8929-42070ED8CF6C}.Release|Any CPU.Build.0 = Release|Any CPU
		{FB511C60-DD81-4D6F-8929-42070ED8CF6C}.Release|x64.ActiveCfg = Release|Any CPU
		{FB511C60-DD81-4D6F-8929-42070ED8CF6C}.Release|x64.Build.0 = Release|Any CPU
		{FB511C60-DD81-4D6F-8929-42070ED8CF6C}.Release|x86.ActiveCfg = Release|Any CPU
		{FB511C60-DD81-4D6F-8929-42070ED8CF6C}.Release|x86.Build.0 = Release|Any CPU
		{E5A8B95B-E96D-4E14-AD91-328FC71CF8EF}.Debug|Any CPU.ActiveCfg = Debug|Any CPU
		{E5A8B95B-E96D-4E14-AD91-328FC71CF8EF}.Debug|Any CPU.Build.0 = Debug|Any CPU
		{E5A8B95B-E96D-4E14-AD91-328FC71CF8EF}.Debug|x64.ActiveCfg = Debug|Any CPU
		{E5A8B95B-E96D-4E14-AD91-328FC71CF8EF}.Debug|x64.Build.0 = Debug|Any CPU
		{E5A8B95B-E96D-4E14-AD91-328FC71CF8EF}.Debug|x86.ActiveCfg = Debug|Any CPU
		{E5A8B95B-E96D-4E14-AD91-328FC71CF8EF}.Debug|x86.Build.0 = Debug|Any CPU
		{E5A8B95B-E96D-4E14-AD91-328FC71CF8EF}.Release|Any CPU.ActiveCfg = Release|Any CPU
		{E5A8B95B-E96D-4E14-AD91-328FC71CF8EF}.Release|Any CPU.Build.0 = Release|Any CPU
		{E5A8B95B-E96D-4E14-AD91-328FC71CF8EF}.Release|x64.ActiveCfg = Release|Any CPU
		{E5A8B95B-E96D-4E14-AD91-328FC71CF8EF}.Release|x64.Build.0 = Release|Any CPU
		{E5A8B95B-E96D-4E14-AD91-328FC71CF8EF}.Release|x86.ActiveCfg = Release|Any CPU
		{E5A8B95B-E96D-4E14-AD91-328FC71CF8EF}.Release|x86.Build.0 = Release|Any CPU
		{66942AF0-3C9A-4CB5-9284-6540D37BABD8}.Debug|Any CPU.ActiveCfg = Debug|x64
		{66942AF0-3C9A-4CB5-9284-6540D37BABD8}.Debug|Any CPU.Build.0 = Debug|x64
		{66942AF0-3C9A-4CB5-9284-6540D37BABD8}.Debug|x64.ActiveCfg = Debug|x64
		{66942AF0-3C9A-4CB5-9284-6540D37BABD8}.Debug|x64.Build.0 = Debug|x64
		{66942AF0-3C9A-4CB5-9284-6540D37BABD8}.Debug|x86.ActiveCfg = Debug|Win32
		{66942AF0-3C9A-4CB5-9284-6540D37BABD8}.Debug|x86.Build.0 = Debug|Win32
		{66942AF0-3C9A-4CB5-9284-6540D37BABD8}.Release|Any CPU.ActiveCfg = Release|x64
		{66942AF0-3C9A-4CB5-9284-6540D37BABD8}.Release|Any CPU.Build.0 = Release|x64
		{66942AF0-3C9A-4CB5-9284-6540D37BABD8}.Release|x64.ActiveCfg = Release|x64
		{66942AF0-3C9A-4CB5-9284-6540D37BABD8}.Release|x64.Build.0 = Release|x64
		{66942AF0-3C9A-4CB5-9284-6540D37BABD8}.Release|x86.ActiveCfg = Release|Win32
		{66942AF0-3C9A-4CB5-9284-6540D37BABD8}.Release|x86.Build.0 = Release|Win32
		{F29939AD-08E0-48B9-A421-19DF3B6BE698}.Debug|Any CPU.ActiveCfg = Debug|Any CPU
		{F29939AD-08E0-48B9-A421-19DF3B6BE698}.Debug|Any CPU.Build.0 = Debug|Any CPU
		{F29939AD-08E0-48B9-A421-19DF3B6BE698}.Debug|x64.ActiveCfg = Debug|Any CPU
		{F29939AD-08E0-48B9-A421-19DF3B6BE698}.Debug|x64.Build.0 = Debug|Any CPU
		{F29939AD-08E0-48B9-A421-19DF3B6BE698}.Debug|x86.ActiveCfg = Debug|Any CPU
		{F29939AD-08E0-48B9-A421-19DF3B6BE698}.Debug|x86.Build.0 = Debug|Any CPU
		{F29939AD-08E0-48B9-A421-19DF3B6BE698}.Release|Any CPU.ActiveCfg = Release|Any CPU
		{F29939AD-08E0-48B9-A421-19DF3B6BE698}.Release|Any CPU.Build.0 = Release|Any CPU
		{F29939AD-08E0-48B9-A421-19DF3B6BE698}.Release|x64.ActiveCfg = Release|Any CPU
		{F29939AD-08E0-48B9-A421-19DF3B6BE698}.Release|x64.Build.0 = Release|Any CPU
		{F29939AD-08E0-48B9-A421-19DF3B6BE698}.Release|x86.ActiveCfg = Release|Any CPU
		{F29939AD-08E0-48B9-A421-19DF3B6BE698}.Release|x86.Build.0 = Release|Any CPU
		{3BAD68AF-01B3-4050-A7D4-4277CCC17D6A}.Debug|Any CPU.ActiveCfg = Debug|Any CPU
		{3BAD68AF-01B3-4050-A7D4-4277CCC17D6A}.Debug|Any CPU.Build.0 = Debug|Any CPU
		{3BAD68AF-01B3-4050-A7D4-4277CCC17D6A}.Debug|x64.ActiveCfg = Debug|Any CPU
		{3BAD68AF-01B3-4050-A7D4-4277CCC17D6A}.Debug|x64.Build.0 = Debug|Any CPU
		{3BAD68AF-01B3-4050-A7D4-4277CCC17D6A}.Debug|x86.ActiveCfg = Debug|Any CPU
		{3BAD68AF-01B3-4050-A7D4-4277CCC17D6A}.Debug|x86.Build.0 = Debug|Any CPU
		{3BAD68AF-01B3-4050-A7D4-4277CCC17D6A}.Release|Any CPU.ActiveCfg = Release|Any CPU
		{3BAD68AF-01B3-4050-A7D4-4277CCC17D6A}.Release|Any CPU.Build.0 = Release|Any CPU
		{3BAD68AF-01B3-4050-A7D4-4277CCC17D6A}.Release|x64.ActiveCfg = Release|Any CPU
		{3BAD68AF-01B3-4050-A7D4-4277CCC17D6A}.Release|x64.Build.0 = Release|Any CPU
		{3BAD68AF-01B3-4050-A7D4-4277CCC17D6A}.Release|x86.ActiveCfg = Release|Any CPU
		{3BAD68AF-01B3-4050-A7D4-4277CCC17D6A}.Release|x86.Build.0 = Release|Any CPU
		{BC99C89F-D923-49C5-9826-5CD0D34A3665}.Debug|Any CPU.ActiveCfg = Debug|Any CPU
		{BC99C89F-D923-49C5-9826-5CD0D34A3665}.Debug|Any CPU.Build.0 = Debug|Any CPU
		{BC99C89F-D923-49C5-9826-5CD0D34A3665}.Debug|x64.ActiveCfg = Debug|Any CPU
		{BC99C89F-D923-49C5-9826-5CD0D34A3665}.Debug|x64.Build.0 = Debug|Any CPU
		{BC99C89F-D923-49C5-9826-5CD0D34A3665}.Debug|x86.ActiveCfg = Debug|Any CPU
		{BC99C89F-D923-49C5-9826-5CD0D34A3665}.Debug|x86.Build.0 = Debug|Any CPU
		{BC99C89F-D923-49C5-9826-5CD0D34A3665}.Release|Any CPU.ActiveCfg = Release|Any CPU
		{BC99C89F-D923-49C5-9826-5CD0D34A3665}.Release|Any CPU.Build.0 = Release|Any CPU
		{BC99C89F-D923-49C5-9826-5CD0D34A3665}.Release|x64.ActiveCfg = Release|Any CPU
		{BC99C89F-D923-49C5-9826-5CD0D34A3665}.Release|x64.Build.0 = Release|Any CPU
		{BC99C89F-D923-49C5-9826-5CD0D34A3665}.Release|x86.ActiveCfg = Release|Any CPU
		{BC99C89F-D923-49C5-9826-5CD0D34A3665}.Release|x86.Build.0 = Release|Any CPU
		{6BB9473F-57F5-4950-B787-4D448661BFC5}.Debug|Any CPU.ActiveCfg = Debug|Any CPU
		{6BB9473F-57F5-4950-B787-4D448661BFC5}.Debug|Any CPU.Build.0 = Debug|Any CPU
		{6BB9473F-57F5-4950-B787-4D448661BFC5}.Debug|x64.ActiveCfg = Debug|Any CPU
		{6BB9473F-57F5-4950-B787-4D448661BFC5}.Debug|x64.Build.0 = Debug|Any CPU
		{6BB9473F-57F5-4950-B787-4D448661BFC5}.Debug|x86.ActiveCfg = Debug|Any CPU
		{6BB9473F-57F5-4950-B787-4D448661BFC5}.Debug|x86.Build.0 = Debug|Any CPU
		{6BB9473F-57F5-4950-B787-4D448661BFC5}.Release|Any CPU.ActiveCfg = Release|Any CPU
		{6BB9473F-57F5-4950-B787-4D448661BFC5}.Release|Any CPU.Build.0 = Release|Any CPU
		{6BB9473F-57F5-4950-B787-4D448661BFC5}.Release|x64.ActiveCfg = Release|Any CPU
		{6BB9473F-57F5-4950-B787-4D448661BFC5}.Release|x64.Build.0 = Release|Any CPU
		{6BB9473F-57F5-4950-B787-4D448661BFC5}.Release|x86.ActiveCfg = Release|Any CPU
		{6BB9473F-57F5-4950-B787-4D448661BFC5}.Release|x86.Build.0 = Release|Any CPU
		{6C647D53-3232-4475-8622-D57F26B48879}.Debug|Any CPU.ActiveCfg = Debug|x64
		{6C647D53-3232-4475-8622-D57F26B48879}.Debug|Any CPU.Build.0 = Debug|x64
		{6C647D53-3232-4475-8622-D57F26B48879}.Debug|x64.ActiveCfg = Debug|x64
		{6C647D53-3232-4475-8622-D57F26B48879}.Debug|x64.Build.0 = Debug|x64
		{6C647D53-3232-4475-8622-D57F26B48879}.Debug|x86.ActiveCfg = Debug|Win32
		{6C647D53-3232-4475-8622-D57F26B48879}.Debug|x86.Build.0 = Debug|Win32
		{6C647D53-3232-4475-8622-D57F26B48879}.Release|Any CPU.ActiveCfg = Release|x64
		{6C647D53-3232-4475-8622-D57F26B48879}.Release|Any CPU.Build.0 = Release|x64
		{6C647D53-3232-4475-8622-D57F26B48879}.Release|x64.ActiveCfg = Release|x64
		{6C647D53-3232-4475-8622-D57F26B48879}.Release|x64.Build.0 = Release|x64
		{6C647D53-3232-4475-8622-D57F26B48879}.Release|x86.ActiveCfg = Release|Win32
		{6C647D53-3232-4475-8622-D57F26B48879}.Release|x86.Build.0 = Release|Win32
	EndGlobalSection
	GlobalSection(SolutionProperties) = preSolution
		HideSolutionNode = FALSE
	EndGlobalSection
	GlobalSection(ExtensibilityGlobals) = postSolution
		SolutionGuid = {84F76CB5-1BB6-42B2-A925-BB049531B110}
	EndGlobalSection
EndGlobal
